
Microsoft Visual Studio Solution File, Format Version 12.00
# Visual Studio Version 17
VisualStudioVersion = 17.11.35312.102
MinimumVisualStudioVersion = 10.0.40219.1
Project("{FAE04EC0-301F-11D3-BF4B-00C04F79EFBC}") = "PolicyApplicationAPI", "PolicyApplicationAPI\PolicyApplicationAPI.csproj", "{5F1EA25D-8DE0-4DE6-A252-80A13FBDA8DA}"
EndProject
Global
	GlobalSection(SolutionConfigurationPlatforms) = preSolution
		Debug|Any CPU = Debug|Any CPU
		Release|Any CPU = Release|Any CPU
	EndGlobalSection
	GlobalSection(ProjectConfigurationPlatforms) = postSolution
		{5F1EA25D-8DE0-4DE6-A252-80A13FBDA8DA}.Debug|Any CPU.ActiveCfg = Debug|Any CPU
		{5F1EA25D-8DE0-4DE6-A252-80A13FBDA8DA}.Debug|Any CPU.Build.0 = Debug|Any CPU
		{5F1EA25D-8DE0-4DE6-A252-80A13FBDA8DA}.Release|Any CPU.ActiveCfg = Release|Any CPU
		{5F1EA25D-8DE0-4DE6-A252-80A13FBDA8DA}.Release|Any CPU.Build.0 = Release|Any CPU
	EndGlobalSection
	GlobalSection(SolutionProperties) = preSolution
		HideSolutionNode = FALSE
	EndGlobalSection
	GlobalSection(ExtensibilityGlobals) = postSolution
		SolutionGuid = {3B43D822-43CD-49D0-AE52-324B1F54C00F}
	EndGlobalSection
EndGlobal
